
Microsoft Visual Studio Solution File, Format Version 12.00
# Visual Studio Version 16
VisualStudioVersion = 16.0.32228.343
MinimumVisualStudioVersion = 10.0.40219.1
Project("{9A19103F-16F7-4668-BE54-9A1E7A4F7556}") = "TraversalCoreProje", "TraversalCoreProje\TraversalCoreProje.csproj", "{62BCBD6B-A769-45C2-BA13-91A82CA8CE0D}"
EndProject
Project("{9A19103F-16F7-4668-BE54-9A1E7A4F7556}") = "EntityLayer", "EntityLayer\EntityLayer.csproj", "{D163B035-9881-4B99-9C41-B27D17F93A4F}"
EndProject
Project("{FAE04EC0-301F-11D3-BF4B-00C04F79EFBC}") = "DataAccessLayer", "DataAccessLayer\DataAccessLayer.csproj", "{456CEE82-D1F3-4047-8741-B5E921DC1481}"
EndProject
Project("{FAE04EC0-301F-11D3-BF4B-00C04F79EFBC}") = "BusinessLayer", "BusinessLayer\BusinessLayer.csproj", "{9526FD7F-29AF-4196-B27D-4313166F3996}"
EndProject
Global
	GlobalSection(SolutionConfigurationPlatforms) = preSolution
		Debug|Any CPU = Debug|Any CPU
		Release|Any CPU = Release|Any CPU
	EndGlobalSection
	GlobalSection(ProjectConfigurationPlatforms) = postSolution
		{62BCBD6B-A769-45C2-BA13-91A82CA8CE0D}.Debug|Any CPU.ActiveCfg = Debug|Any CPU
		{62BCBD6B-A769-45C2-BA13-91A82CA8CE0D}.Debug|Any CPU.Build.0 = Debug|Any CPU
		{62BCBD6B-A769-45C2-BA13-91A82CA8CE0D}.Release|Any CPU.ActiveCfg = Release|Any CPU
		{62BCBD6B-A769-45C2-BA13-91A82CA8CE0D}.Release|Any CPU.Build.0 = Release|Any CPU
		{D163B035-9881-4B99-9C41-B27D17F93A4F}.Debug|Any CPU.ActiveCfg = Debug|Any CPU
		{D163B035-9881-4B99-9C41-B27D17F93A4F}.Debug|Any CPU.Build.0 = Debug|Any CPU
		{D163B035-9881-4B99-9C41-B27D17F93A4F}.Release|Any CPU.ActiveCfg = Release|Any CPU
		{D163B035-9881-4B99-9C41-B27D17F93A4F}.Release|Any CPU.Build.0 = Release|Any CPU
		{456CEE82-D1F3-4047-8741-B5E921DC1481}.Debug|Any CPU.ActiveCfg = Debug|Any CPU
		{456CEE82-D1F3-4047-8741-B5E921DC1481}.Debug|Any CPU.Build.0 = Debug|Any CPU
		{456CEE82-D1F3-4047-8741-B5E921DC1481}.Release|Any CPU.ActiveCfg = Release|Any CPU
		{456CEE82-D1F3-4047-8741-B5E921DC1481}.Release|Any CPU.Build.0 = Release|Any CPU
		{9526FD7F-29AF-4196-B27D-4313166F3996}.Debug|Any CPU.ActiveCfg = Debug|Any CPU
		{9526FD7F-29AF-4196-B27D-4313166F3996}.Debug|Any CPU.Build.0 = Debug|Any CPU
		{9526FD7F-29AF-4196-B27D-4313166F3996}.Release|Any CPU.ActiveCfg = Release|Any CPU
		{9526FD7F-29AF-4196-B27D-4313166F3996}.Release|Any CPU.Build.0 = Release|Any CPU
	EndGlobalSection
	GlobalSection(SolutionProperties) = preSolution
		HideSolutionNode = FALSE
	EndGlobalSection
	GlobalSection(ExtensibilityGlobals) = postSolution
		SolutionGuid = {8AE26513-672F-4D7E-8BB3-7F1692386EA7}
	EndGlobalSection
EndGlobal
